<?xml version="1.0" encoding="utf-8"?>
<Project ToolsVersion="4.0" xmlns="http://schemas.microsoft.com/developer/msbuild/2003">
  <ItemGroup>
    <ClInclude Include="$(MSBuildThisFileDirectory)Application.hpp" />
    <ClInclude Include="$(MSBuildThisFileDirectory)Context.hpp" />
    <ClInclude Include="$(MSBuildThisFileDirectory)ImGuiRenderer.hpp" />
    <ClInclude Include="$(MSBuildThisFileDirectory)Window.hpp" />
    <ClInclude Include="$(MSBuildThisFileDirectory)ShaderCompiler.hpp" />
    <ClInclude Include="$(MSBuildThisFileDirectory)VulkanApi.hpp" />
    <ClInclude Include="$(MSBuildThisFileDirectory)InitHelpers.hpp" />
    <ClInclude Include="$(MSBuildThisFileDirectory)EventHandler.hpp" />
    <ClInclude Include="$(MSBuildThisFileDirectory)PipelineBarrier.hpp" />
    <ClInclude Include="$(MSBuildThisFileDirectory)BindingTable.hpp" />
    <ClInclude Include="$(MSBuildThisFileDirectory)Resources.hpp" />
  </ItemGroup>
  <ItemGroup>
    <ClCompile Include="$(MSBuildThisFileDirectory)Application.cpp" />
    <ClCompile Include="$(MSBuildThisFileDirectory)NativeMain.cpp" />
    <ClCompile Include="$(MSBuildThisFileDirectory)Context.cpp" />
    <ClCompile Include="$(MSBuildThisFileDirectory)ImGuiRenderer.cpp" />
    <ClCompile Include="$(MSBuildThisFileDirectory)Window.cpp" />
    <ClCompile Include="$(MSBuildThisFileDirectory)ShaderCompiler.cpp" />
    <ClCompile Include="$(MSBuildThisFileDirectory)InitHelpers.cpp" />
    <ClCompile Include="$(MSBuildThisFileDirectory)EventHandler.cpp" />
    <ClCompile Include="$(MSBuildThisFileDirectory)PipelineBarrier.cpp" />
    <ClCompile Include="$(MSBuildThisFileDirectory)BindingTable.cpp" />
    <ClCompile Include="$(MSBuildThisFileDirectory)VulkanApi.cpp" />
    <ClCompile Include="$(MSBuildThisFileDirectory)Resources.cpp" />
  </ItemGroup>
</Project>