
Microsoft Visual Studio Solution File, Format Version 12.00
# Visual Studio 15
VisualStudioVersion = 15.0.28307.902
MinimumVisualStudioVersion = 10.0.40219.1
Project("{2150E333-8FDC-42A3-9474-1A3956D46DE8}") = "framework", "framework", "{00F4AB85-4811-44BF-85D0-CAEF7DE39F26}"
EndProject
Project("{8BC9CEB8-8B4A-11D0-8D11-00A0C91BC942}") = "vkutil", "framework\vkutil\vkutil.vcxitems", "{12B27DD9-054C-4D26-8BC3-719E97CED9E0}"
EndProject
Project("{8BC9CEB8-8B4A-11D0-8D11-00A0C91BC942}") = "clearscreen", "source\clearscreen\clearscreen.vcxproj", "{7B75F081-169C-4909-897A-F2F11BAF86CD}"
EndProject
Global
	GlobalSection(SharedMSBuildProjectFiles) = preSolution
		framework\vkutil\vkutil.vcxitems*{12b27dd9-054c-4d26-8bc3-719e97ced9e0}*SharedItemsImports = 9
		framework\vkutil\vkutil.vcxitems*{7b75f081-169c-4909-897a-f2f11baf86cd}*SharedItemsImports = 4
	EndGlobalSection
	GlobalSection(SolutionConfigurationPlatforms) = preSolution
		Debug|x64 = Debug|x64
		Debug|x86 = Debug|x86
		Release|x64 = Release|x64
		Release|x86 = Release|x86
	EndGlobalSection
	GlobalSection(ProjectConfigurationPlatforms) = postSolution
		{7B75F081-169C-4909-897A-F2F11BAF86CD}.Debug|x64.ActiveCfg = Debug|x64
		{7B75F081-169C-4909-897A-F2F11BAF86CD}.Debug|x64.Build.0 = Debug|x64
		{7B75F081-169C-4909-897A-F2F11BAF86CD}.Debug|x86.ActiveCfg = Debug|Win32
		{7B75F081-169C-4909-897A-F2F11BAF86CD}.Debug|x86.Build.0 = Debug|Win32
		{7B75F081-169C-4909-897A-F2F11BAF86CD}.Release|x64.ActiveCfg = Release|x64
		{7B75F081-169C-4909-897A-F2F11BAF86CD}.Release|x64.Build.0 = Release|x64
		{7B75F081-169C-4909-897A-F2F11BAF86CD}.Release|x86.ActiveCfg = Release|Win32
		{7B75F081-169C-4909-897A-F2F11BAF86CD}.Release|x86.Build.0 = Release|Win32
	EndGlobalSection
	GlobalSection(SolutionProperties) = preSolution
		HideSolutionNode = FALSE
	EndGlobalSection
	GlobalSection(NestedProjects) = preSolution
		{12B27DD9-054C-4D26-8BC3-719E97CED9E0} = {00F4AB85-4811-44BF-85D0-CAEF7DE39F26}
	EndGlobalSection
	GlobalSection(ExtensibilityGlobals) = postSolution
		SolutionGuid = {E3EC2C67-4EE3-4752-A7F8-6A032A705F16}
	EndGlobalSection
EndGlobal
