<?xml version="1.0" encoding="utf-8"?>
<Project ToolsVersion="4.0" xmlns="http://schemas.microsoft.com/developer/msbuild/2003">
  <ItemGroup>
    <ClInclude Include="geo.h" />
    <ClInclude Include="geo_internal.inl" />
    <ClInclude Include="geo_internal.h" />
  </ItemGroup>
  <ItemGroup>
    <ClCompile Include="geo_internal.c" />
  </ItemGroup>
</Project>